
Microsoft Visual Studio Solution File, Format Version 12.00
# Visual Studio Version 17
VisualStudioVersion = 17.14.36212.18 d17.14
MinimumVisualStudioVersion = 10.0.40219.1
Project("{FAE04EC0-301F-11D3-BF4B-00C04F79EFBC}") = "SchoolCommunity", "SchoolCommunity\SchoolCommunity.csproj", "{F1073E57-3848-454C-9FEC-B55C0858163A}"
EndProject
Global
	GlobalSection(SolutionConfigurationPlatforms) = preSolution
		Debug|Any CPU = Debug|Any CPU
		Release|Any CPU = Release|Any CPU
	EndGlobalSection
	GlobalSection(ProjectConfigurationPlatforms) = postSolution
		{F1073E57-3848-454C-9FEC-B55C0858163A}.Debug|Any CPU.ActiveCfg = Debug|Any CPU
		{F1073E57-3848-454C-9FEC-B55C0858163A}.Debug|Any CPU.Build.0 = Debug|Any CPU
		{F1073E57-3848-454C-9FEC-B55C0858163A}.Release|Any CPU.ActiveCfg = Release|Any CPU
		{F1073E57-3848-454C-9FEC-B55C0858163A}.Release|Any CPU.Build.0 = Release|Any CPU
	EndGlobalSection
	GlobalSection(SolutionProperties) = preSolution
		HideSolutionNode = FALSE
	EndGlobalSection
	GlobalSection(ExtensibilityGlobals) = postSolution
		SolutionGuid = {E90331E1-60C7-44AD-BD1B-9ED4EB247F7D}
	EndGlobalSection
EndGlobal
